
Microsoft Visual Studio Solution File, Format Version 11.00
# Visual Studio 2010
Project("{FAE04EC0-301F-11D3-BF4B-00C04F79EFBC}") = "Demo-master-master", "Assembly-CSharp.csproj", "{D0092420-1A7A-C15F-AEFC-4F6B6C0AB74C}"
EndProject
Project("{FAE04EC0-301F-11D3-BF4B-00C04F79EFBC}") = "Demo-master-master", "Assembly-CSharp-firstpass.csproj", "{FF3F7C08-610C-C8A0-73E2-887B88DFFE5B}"
EndProject
Project("{FAE04EC0-301F-11D3-BF4B-00C04F79EFBC}") = "Demo-master-master", "Assembly-CSharp-Editor-firstpass.csproj", "{60E8DFFB-0C22-DDC2-BF6A-C4C50D825004}"
EndProject
Project("{FAE04EC0-301F-11D3-BF4B-00C04F79EFBC}") = "Demo-master-master", "Assembly-CSharp-Editor.csproj", "{CF6D4CE4-3A05-7CA9-22D4-3857028A2A24}"
EndProject
Global
	GlobalSection(SolutionConfigurationPlatforms) = preSolution
		Debug|Any CPU = Debug|Any CPU
		Release|Any CPU = Release|Any CPU
	EndGlobalSection
	GlobalSection(ProjectConfigurationPlatforms) = postSolution
		{D0092420-1A7A-C15F-AEFC-4F6B6C0AB74C}.Debug|Any CPU.ActiveCfg = Debug|Any CPU
		{D0092420-1A7A-C15F-AEFC-4F6B6C0AB74C}.Debug|Any CPU.Build.0 = Debug|Any CPU
		{D0092420-1A7A-C15F-AEFC-4F6B6C0AB74C}.Release|Any CPU.ActiveCfg = Release|Any CPU
		{D0092420-1A7A-C15F-AEFC-4F6B6C0AB74C}.Release|Any CPU.Build.0 = Release|Any CPU
		{FF3F7C08-610C-C8A0-73E2-887B88DFFE5B}.Debug|Any CPU.ActiveCfg = Debug|Any CPU
		{FF3F7C08-610C-C8A0-73E2-887B88DFFE5B}.Debug|Any CPU.Build.0 = Debug|Any CPU
		{FF3F7C08-610C-C8A0-73E2-887B88DFFE5B}.Release|Any CPU.ActiveCfg = Release|Any CPU
		{FF3F7C08-610C-C8A0-73E2-887B88DFFE5B}.Release|Any CPU.Build.0 = Release|Any CPU
		{60E8DFFB-0C22-DDC2-BF6A-C4C50D825004}.Debug|Any CPU.ActiveCfg = Debug|Any CPU
		{60E8DFFB-0C22-DDC2-BF6A-C4C50D825004}.Debug|Any CPU.Build.0 = Debug|Any CPU
		{60E8DFFB-0C22-DDC2-BF6A-C4C50D825004}.Release|Any CPU.ActiveCfg = Release|Any CPU
		{60E8DFFB-0C22-DDC2-BF6A-C4C50D825004}.Release|Any CPU.Build.0 = Release|Any CPU
		{CF6D4CE4-3A05-7CA9-22D4-3857028A2A24}.Debug|Any CPU.ActiveCfg = Debug|Any CPU
		{CF6D4CE4-3A05-7CA9-22D4-3857028A2A24}.Debug|Any CPU.Build.0 = Debug|Any CPU
		{CF6D4CE4-3A05-7CA9-22D4-3857028A2A24}.Release|Any CPU.ActiveCfg = Release|Any CPU
		{CF6D4CE4-3A05-7CA9-22D4-3857028A2A24}.Release|Any CPU.Build.0 = Release|Any CPU
	EndGlobalSection
	GlobalSection(SolutionProperties) = preSolution
		HideSolutionNode = FALSE
	EndGlobalSection
	GlobalSection(MonoDevelopProperties) = preSolution
		StartupItem = Assembly-CSharp.csproj
	EndGlobalSection
EndGlobal
