
Microsoft Visual Studio Solution File, Format Version 11.00
# Visual Studio 2010
Project("{FAE04EC0-301F-11D3-BF4B-00C04F79EFBC}") = "Demo-master", "Assembly-CSharp.csproj", "{3AF3922A-C510-61AB-C4F0-9503DF0A2217}"
EndProject
Project("{FAE04EC0-301F-11D3-BF4B-00C04F79EFBC}") = "Demo-master", "Assembly-CSharp-firstpass.csproj", "{3C389B84-C2A4-4BD8-9127-D3E0D86254D7}"
EndProject
Project("{FAE04EC0-301F-11D3-BF4B-00C04F79EFBC}") = "Demo-master", "Assembly-CSharp-Editor-firstpass.csproj", "{5BA70A73-3DF1-BD4B-20C3-48FE41D1D1C0}"
EndProject
Project("{FAE04EC0-301F-11D3-BF4B-00C04F79EFBC}") = "Demo-master", "Assembly-CSharp-Editor.csproj", "{194069E9-4AAC-C7C2-22B4-AAE1C6E6B55F}"
EndProject
Global
	GlobalSection(SolutionConfigurationPlatforms) = preSolution
		Debug|Any CPU = Debug|Any CPU
		Release|Any CPU = Release|Any CPU
	EndGlobalSection
	GlobalSection(ProjectConfigurationPlatforms) = postSolution
		{3AF3922A-C510-61AB-C4F0-9503DF0A2217}.Debug|Any CPU.ActiveCfg = Debug|Any CPU
		{3AF3922A-C510-61AB-C4F0-9503DF0A2217}.Debug|Any CPU.Build.0 = Debug|Any CPU
		{3AF3922A-C510-61AB-C4F0-9503DF0A2217}.Release|Any CPU.ActiveCfg = Release|Any CPU
		{3AF3922A-C510-61AB-C4F0-9503DF0A2217}.Release|Any CPU.Build.0 = Release|Any CPU
		{3C389B84-C2A4-4BD8-9127-D3E0D86254D7}.Debug|Any CPU.ActiveCfg = Debug|Any CPU
		{3C389B84-C2A4-4BD8-9127-D3E0D86254D7}.Debug|Any CPU.Build.0 = Debug|Any CPU
		{3C389B84-C2A4-4BD8-9127-D3E0D86254D7}.Release|Any CPU.ActiveCfg = Release|Any CPU
		{3C389B84-C2A4-4BD8-9127-D3E0D86254D7}.Release|Any CPU.Build.0 = Release|Any CPU
		{5BA70A73-3DF1-BD4B-20C3-48FE41D1D1C0}.Debug|Any CPU.ActiveCfg = Debug|Any CPU
		{5BA70A73-3DF1-BD4B-20C3-48FE41D1D1C0}.Debug|Any CPU.Build.0 = Debug|Any CPU
		{5BA70A73-3DF1-BD4B-20C3-48FE41D1D1C0}.Release|Any CPU.ActiveCfg = Release|Any CPU
		{5BA70A73-3DF1-BD4B-20C3-48FE41D1D1C0}.Release|Any CPU.Build.0 = Release|Any CPU
		{194069E9-4AAC-C7C2-22B4-AAE1C6E6B55F}.Debug|Any CPU.ActiveCfg = Debug|Any CPU
		{194069E9-4AAC-C7C2-22B4-AAE1C6E6B55F}.Debug|Any CPU.Build.0 = Debug|Any CPU
		{194069E9-4AAC-C7C2-22B4-AAE1C6E6B55F}.Release|Any CPU.ActiveCfg = Release|Any CPU
		{194069E9-4AAC-C7C2-22B4-AAE1C6E6B55F}.Release|Any CPU.Build.0 = Release|Any CPU
	EndGlobalSection
	GlobalSection(SolutionProperties) = preSolution
		HideSolutionNode = FALSE
	EndGlobalSection
	GlobalSection(MonoDevelopProperties) = preSolution
		StartupItem = Assembly-CSharp.csproj
	EndGlobalSection
EndGlobal
